
Microsoft Visual Studio Solution File, Format Version 12.00
# Visual Studio 15
VisualStudioVersion = 15.0.27703.2042
MinimumVisualStudioVersion = 10.0.40219.1
Project("{FAE04EC0-301F-11D3-BF4B-00C04F79EFBC}") = "CodeNotes2018", "CodeNotes2018\CodeNotes2018.csproj", "{4A084219-A810-4ABF-9D77-903FC6C0ADFB}"
EndProject
Project("{FAE04EC0-301F-11D3-BF4B-00C04F79EFBC}") = "CodeNotes2018.Tests", "CodeNotes2018.Tests\CodeNotes2018.Tests.csproj", "{5954C662-FB15-400E-B111-BFF0C9D17F4E}"
EndProject
Project("{FAE04EC0-301F-11D3-BF4B-00C04F79EFBC}") = "CodeNotes2018.DataLayer", "CodeNotes2018.DataLayer\CodeNotes2018.DataLayer.csproj", "{80A02B4D-5C5D-47AE-8ACF-D45466E79DF3}"
EndProject
Global
	GlobalSection(SolutionConfigurationPlatforms) = preSolution
		Debug|Any CPU = Debug|Any CPU
		Release|Any CPU = Release|Any CPU
	EndGlobalSection
	GlobalSection(ProjectConfigurationPlatforms) = postSolution
		{4A084219-A810-4ABF-9D77-903FC6C0ADFB}.Debug|Any CPU.ActiveCfg = Debug|Any CPU
		{4A084219-A810-4ABF-9D77-903FC6C0ADFB}.Debug|Any CPU.Build.0 = Debug|Any CPU
		{4A084219-A810-4ABF-9D77-903FC6C0ADFB}.Release|Any CPU.ActiveCfg = Release|Any CPU
		{4A084219-A810-4ABF-9D77-903FC6C0ADFB}.Release|Any CPU.Build.0 = Release|Any CPU
		{5954C662-FB15-400E-B111-BFF0C9D17F4E}.Debug|Any CPU.ActiveCfg = Debug|Any CPU
		{5954C662-FB15-400E-B111-BFF0C9D17F4E}.Debug|Any CPU.Build.0 = Debug|Any CPU
		{5954C662-FB15-400E-B111-BFF0C9D17F4E}.Release|Any CPU.ActiveCfg = Release|Any CPU
		{5954C662-FB15-400E-B111-BFF0C9D17F4E}.Release|Any CPU.Build.0 = Release|Any CPU
		{80A02B4D-5C5D-47AE-8ACF-D45466E79DF3}.Debug|Any CPU.ActiveCfg = Debug|Any CPU
		{80A02B4D-5C5D-47AE-8ACF-D45466E79DF3}.Debug|Any CPU.Build.0 = Debug|Any CPU
		{80A02B4D-5C5D-47AE-8ACF-D45466E79DF3}.Release|Any CPU.ActiveCfg = Release|Any CPU
		{80A02B4D-5C5D-47AE-8ACF-D45466E79DF3}.Release|Any CPU.Build.0 = Release|Any CPU
	EndGlobalSection
	GlobalSection(SolutionProperties) = preSolution
		HideSolutionNode = FALSE
	EndGlobalSection
	GlobalSection(ExtensibilityGlobals) = postSolution
		SolutionGuid = {4AD2042E-153A-42D3-B059-2471B8337512}
	EndGlobalSection
EndGlobal
